{
  "version": 4,
  "terraform_version": "1.14.6",
  "serial": 10,
  "lineage": "cb942725-3534-3a55-2a66-a8d67119705e",
  "outputs": {
    "website_url": {
      "value": "haifa-work-storage.s3-website-us-east-1.amazonaws.com",
      "type": "string"
    }
  },
  "resources": [
    {
      "mode": "managed",
      "type": "aws_acm_certificate",
      "name": "cert",
      "provider": "provider[\"registry.terraform.io/hashicorp/aws\"].us_east_1",
      "instances": [
        {
          "schema_version": 0,
          "attributes": {
            "arn": "arn:aws:acm:us-east-1:277375108185:certificate/202bf6f2-20cb-4bca-b275-1ffef189688c",
            "certificate_authority_arn": "",
            "certificate_body": null,
            "certificate_chain": null,
            "domain_name": "haifa.work",
            "domain_validation_options": [
              {
                "domain_name": "haifa.work",
                "resource_record_name": "_2316e243ed20232ad31028b778939ec2.haifa.work.",
                "resource_record_type": "CNAME",
                "resource_record_value": "_97cde679eb13afc88c565a067719a8ca.jkddzztszm.acm-validations.aws."
              },
              {
                "domain_name": "www.haifa.work",
                "resource_record_name": "_b278169ea253671dddbb6eee0a9bfa5f.www.haifa.work.",
                "resource_record_type": "CNAME",
                "resource_record_value": "_7949a39c0e7ec67ffcce7874892a06f6.jkddzztszm.acm-validations.aws."
              }
            ],
            "early_renewal_duration": "",
            "id": "arn:aws:acm:us-east-1:277375108185:certificate/202bf6f2-20cb-4bca-b275-1ffef189688c",
            "key_algorithm": "RSA_2048",
            "not_after": "",
            "not_before": "",
            "options": [
              {
                "certificate_transparency_logging_preference": "ENABLED",
                "export": "DISABLED"
              }
            ],
            "pending_renewal": false,
            "private_key": null,
            "region": "us-east-1",
            "renewal_eligibility": "INELIGIBLE",
            "renewal_summary": [],
            "status": "PENDING_VALIDATION",
            "subject_alternative_names": [
              "haifa.work",
              "www.haifa.work"
            ],
            "tags": null,
            "tags_all": {},
            "type": "AMAZON_ISSUED",
            "validation_emails": [],
            "validation_method": "DNS",
            "validation_option": []
          },
          "sensitive_attributes": [
            [
              {
                "type": "get_attr",
                "value": "private_key"
              }
            ]
          ],
          "identity_schema_version": 0,
          "identity": {
            "arn": "arn:aws:acm:us-east-1:277375108185:certificate/202bf6f2-20cb-4bca-b275-1ffef189688c"
          },
          "private": "bnVsbA==",
          "create_before_destroy": true
        }
      ]
    },
    {
      "mode": "managed",
      "type": "aws_s3_bucket",
      "name": "website_bucket",
      "provider": "provider[\"registry.terraform.io/hashicorp/aws\"]",
      "instances": [
        {
          "schema_version": 0,
          "attributes": {
            "acceleration_status": "",
            "acl": null,
            "arn": "arn:aws:s3:::haifa-work-storage",
            "bucket": "haifa-work-storage",
            "bucket_domain_name": "haifa-work-storage.s3.amazonaws.com",
            "bucket_prefix": "",
            "bucket_region": "us-east-1",
            "bucket_regional_domain_name": "haifa-work-storage.s3.us-east-1.amazonaws.com",
            "cors_rule": [],
            "force_destroy": false,
            "grant": [
              {
                "id": "693346540c543b823f64477d49f8102536ee8da805845da3f493ffeec300c122",
                "permissions": [
                  "FULL_CONTROL"
                ],
                "type": "CanonicalUser",
                "uri": ""
              }
            ],
            "hosted_zone_id": "Z3AQBSTGFYJSTF",
            "id": "haifa-work-storage",
            "lifecycle_rule": [],
            "logging": [],
            "object_lock_configuration": [],
            "object_lock_enabled": false,
            "policy": "{\"Statement\":[{\"Action\":\"s3:GetObject\",\"Effect\":\"Allow\",\"Principal\":\"*\",\"Resource\":\"arn:aws:s3:::haifa-work-storage/*\",\"Sid\":\"PublicReadGetObject\"}],\"Version\":\"2012-10-17\"}",
            "region": "us-east-1",
            "replication_configuration": [],
            "request_payer": "BucketOwner",
            "server_side_encryption_configuration": [
              {
                "rule": [
                  {
                    "apply_server_side_encryption_by_default": [
                      {
                        "kms_master_key_id": "",
                        "sse_algorithm": "AES256"
                      }
                    ],
                    "bucket_key_enabled": false
                  }
                ]
              }
            ],
            "tags": {},
            "tags_all": {},
            "timeouts": null,
            "versioning": [
              {
                "enabled": false,
                "mfa_delete": false
              }
            ],
            "website": [
              {
                "error_document": "",
                "index_document": "index.html",
                "redirect_all_requests_to": "",
                "routing_rules": ""
              }
            ],
            "website_domain": "s3-website-us-east-1.amazonaws.com",
            "website_endpoint": "haifa-work-storage.s3-website-us-east-1.amazonaws.com"
          },
          "sensitive_attributes": [],
          "identity_schema_version": 0,
          "identity": {
            "account_id": "277375108185",
            "bucket": "haifa-work-storage",
            "region": "us-east-1"
          },
          "private": "eyJlMmJmYjczMC1lY2FhLTExZTYtOGY4OC0zNDM2M2JjN2M0YzAiOnsiY3JlYXRlIjoxMjAwMDAwMDAwMDAwLCJkZWxldGUiOjM2MDAwMDAwMDAwMDAsInJlYWQiOjEyMDAwMDAwMDAwMDAsInVwZGF0ZSI6MTIwMDAwMDAwMDAwMH19"
        }
      ]
    },
    {
      "mode": "managed",
      "type": "aws_s3_bucket_policy",
      "name": "allow_public_access",
      "provider": "provider[\"registry.terraform.io/hashicorp/aws\"]",
      "instances": [
        {
          "schema_version": 0,
          "attributes": {
            "bucket": "haifa-work-storage",
            "id": "haifa-work-storage",
            "policy": "{\"Statement\":[{\"Action\":\"s3:GetObject\",\"Effect\":\"Allow\",\"Principal\":\"*\",\"Resource\":\"arn:aws:s3:::haifa-work-storage/*\",\"Sid\":\"PublicReadGetObject\"}],\"Version\":\"2012-10-17\"}",
            "region": "us-east-1"
          },
          "sensitive_attributes": [],
          "identity_schema_version": 0,
          "identity": {
            "account_id": "277375108185",
            "bucket": "haifa-work-storage",
            "region": "us-east-1"
          },
          "private": "bnVsbA==",
          "dependencies": [
            "aws_s3_bucket.website_bucket",
            "aws_s3_bucket_public_access_block.public_access"
          ]
        }
      ]
    },
    {
      "mode": "managed",
      "type": "aws_s3_bucket_public_access_block",
      "name": "public_access",
      "provider": "provider[\"registry.terraform.io/hashicorp/aws\"]",
      "instances": [
        {
          "schema_version": 0,
          "attributes": {
            "block_public_acls": false,
            "block_public_policy": false,
            "bucket": "haifa-work-storage",
            "id": "haifa-work-storage",
            "ignore_public_acls": false,
            "region": "us-east-1",
            "restrict_public_buckets": false,
            "skip_destroy": null
          },
          "sensitive_attributes": [],
          "identity_schema_version": 0,
          "identity": {
            "account_id": "277375108185",
            "bucket": "haifa-work-storage",
            "region": "us-east-1"
          },
          "private": "bnVsbA==",
          "dependencies": [
            "aws_s3_bucket.website_bucket"
          ]
        }
      ]
    },
    {
      "mode": "managed",
      "type": "aws_s3_bucket_website_configuration",
      "name": "website_config",
      "provider": "provider[\"registry.terraform.io/hashicorp/aws\"]",
      "instances": [
        {
          "schema_version": 0,
          "attributes": {
            "bucket": "haifa-work-storage",
            "error_document": [],
            "expected_bucket_owner": "",
            "id": "haifa-work-storage",
            "index_document": [
              {
                "suffix": "index.html"
              }
            ],
            "redirect_all_requests_to": [],
            "region": "us-east-1",
            "routing_rule": [],
            "routing_rules": "",
            "website_domain": "s3-website-us-east-1.amazonaws.com",
            "website_endpoint": "haifa-work-storage.s3-website-us-east-1.amazonaws.com"
          },
          "sensitive_attributes": [],
          "identity_schema_version": 1,
          "identity": {
            "account_id": "277375108185",
            "bucket": "haifa-work-storage",
            "region": "us-east-1"
          },
          "private": "bnVsbA==",
          "dependencies": [
            "aws_s3_bucket.website_bucket"
          ]
        }
      ]
    }
  ],
  "check_results": null
}
